// !$*UTF8*$!
{
	archiveVersion = 1;
	classes = {
	};
	objectVersion = 46;
	objects = {

/* Begin PBXAggregateTarget section */
		1E551F461799509100A4135C /* all */ = {
			isa = PBXAggregateTarget;
			buildConfigurationList = 1E551F471799509100A4135C /* Build configuration list for PBXAggregateTarget "all" */;
			buildPhases = (
			);
			dependencies = (
				1EDE1B9A182D05D1002392CB /* PBXTargetDependency */,
				1EFC1702180DCEA000AD7B86 /* PBXTargetDependency */,
			);
			name = all;
			productName = all;
		};
/* End PBXAggregateTarget section */

/* Begin PBXBuildFile section */
		1E3E3CBE17995D5C005F2132 /* ofxsCore.cpp in Sources */ = {isa = PBXBuildFile; fileRef = 1E3E3CB517995D5C005F2132 /* ofxsCore.cpp */; };
		1E3E3CBF17995D5C005F2132 /* ofxsImageEffect.cpp in Sources */ = {isa = PBXBuildFile; fileRef = 1E3E3CB617995D5C005F2132 /* ofxsImageEffect.cpp */; };
		1E3E3CC017995D5C005F2132 /* ofxsInteract.cpp in Sources */ = {isa = PBXBuildFile; fileRef = 1E3E3CB717995D5C005F2132 /* ofxsInteract.cpp */; };
		1E3E3CC117995D5C005F2132 /* ofxsLog.cpp in Sources */ = {isa = PBXBuildFile; fileRef = 1E3E3CB817995D5C005F2132 /* ofxsLog.cpp */; };
		1E3E3CC217995D5C005F2132 /* ofxsMultiThread.cpp in Sources */ = {isa = PBXBuildFile; fileRef = 1E3E3CB917995D5C005F2132 /* ofxsMultiThread.cpp */; };
		1E3E3CC317995D5C005F2132 /* ofxsParams.cpp in Sources */ = {isa = PBXBuildFile; fileRef = 1E3E3CBA17995D5C005F2132 /* ofxsParams.cpp */; };
		1E3E3CC417995D5C005F2132 /* ofxsProperty.cpp in Sources */ = {isa = PBXBuildFile; fileRef = 1E3E3CBB17995D5C005F2132 /* ofxsProperty.cpp */; };
		1E3E3CC517995D5C005F2132 /* ofxsPropertyValidation.cpp in Sources */ = {isa = PBXBuildFile; fileRef = 1E3E3CBC17995D5C005F2132 /* ofxsPropertyValidation.cpp */; };
		1E3E3CC617995D8C005F2132 /* OpenGL.framework in Frameworks */ = {isa = PBXBuildFile; fileRef = 1E551F5A179950EC00A4135C /* OpenGL.framework */; };
		1EDE1B7E182D04D9002392CB /* ofxsCore.cpp in Sources */ = {isa = PBXBuildFile; fileRef = 1E3E3CB517995D5C005F2132 /* ofxsCore.cpp */; };
		1EDE1B7F182D04D9002392CB /* ofxsImageEffect.cpp in Sources */ = {isa = PBXBuildFile; fileRef = 1E3E3CB617995D5C005F2132 /* ofxsImageEffect.cpp */; };
		1EDE1B80182D04D9002392CB /* ofxsInteract.cpp in Sources */ = {isa = PBXBuildFile; fileRef = 1E3E3CB717995D5C005F2132 /* ofxsInteract.cpp */; };
		1EDE1B81182D04D9002392CB /* ofxsLog.cpp in Sources */ = {isa = PBXBuildFile; fileRef = 1E3E3CB817995D5C005F2132 /* ofxsLog.cpp */; };
		1EDE1B82182D04D9002392CB /* ofxsMultiThread.cpp in Sources */ = {isa = PBXBuildFile; fileRef = 1E3E3CB917995D5C005F2132 /* ofxsMultiThread.cpp */; };
		1EDE1B83182D04D9002392CB /* ofxsParams.cpp in Sources */ = {isa = PBXBuildFile; fileRef = 1E3E3CBA17995D5C005F2132 /* ofxsParams.cpp */; };
		1EDE1B84182D04D9002392CB /* ofxsProperty.cpp in Sources */ = {isa = PBXBuildFile; fileRef = 1E3E3CBB17995D5C005F2132 /* ofxsProperty.cpp */; };
		1EDE1B85182D04D9002392CB /* ofxsPropertyValidation.cpp in Sources */ = {isa = PBXBuildFile; fileRef = 1E3E3CBC17995D5C005F2132 /* ofxsPropertyValidation.cpp */; };
		1EDE1B87182D04D9002392CB /* OpenGL.framework in Frameworks */ = {isa = PBXBuildFile; fileRef = 1E551F5A179950EC00A4135C /* OpenGL.framework */; };
		1EDE1B92182D0552002392CB /* Anaglyph.cpp in Sources */ = {isa = PBXBuildFile; fileRef = 1EDE1B8F182D0552002392CB /* Anaglyph.cpp */; };
		1EFC1700180DCE6500AD7B86 /* RGBLut.cpp in Sources */ = {isa = PBXBuildFile; fileRef = 1EB0C41E180DCAB500C25D1E /* RGBLut.cpp */; };
/* End PBXBuildFile section */

/* Begin PBXContainerItemProxy section */
		1EDE1B99182D05D1002392CB /* PBXContainerItemProxy */ = {
			isa = PBXContainerItemProxy;
			containerPortal = 1E551EB917994D4000A4135C /* Project object */;
			proxyType = 1;
			remoteGlobalIDString = 1EDE1B7B182D04D9002392CB;
			remoteInfo = Anaglyph.ofx;
		};
		1EFC1701180DCEA000AD7B86 /* PBXContainerItemProxy */ = {
			isa = PBXContainerItemProxy;
			containerPortal = 1E551EB917994D4000A4135C /* Project object */;
			proxyType = 1;
			remoteGlobalIDString = 1E3E3CA317995BEE005F2132;
			remoteInfo = RGBLut.ofx;
		};
/* End PBXContainerItemProxy section */

/* Begin PBXFileReference section */
		1E009D5E17F44D5C003071CC /* ofxsHWNDInteract.h */ = {isa = PBXFileReference; fileEncoding = 4; lastKnownFileType = sourcecode.c.h; path = ofxsHWNDInteract.h; sourceTree = "<group>"; };
		1E009D5F17F44D70003071CC /* ofxCore.h */ = {isa = PBXFileReference; fileEncoding = 4; lastKnownFileType = sourcecode.c.h; name = ofxCore.h; path = ../../include/ofxCore.h; sourceTree = "<group>"; };
		1E009D6017F44D70003071CC /* ofxImageEffect.h */ = {isa = PBXFileReference; fileEncoding = 4; lastKnownFileType = sourcecode.c.h; name = ofxImageEffect.h; path = ../../include/ofxImageEffect.h; sourceTree = "<group>"; };
		1E009D6117F44D70003071CC /* ofxInteract.h */ = {isa = PBXFileReference; fileEncoding = 4; lastKnownFileType = sourcecode.c.h; name = ofxInteract.h; path = ../../include/ofxInteract.h; sourceTree = "<group>"; };
		1E009D6217F44D70003071CC /* ofxKeySyms.h */ = {isa = PBXFileReference; fileEncoding = 4; lastKnownFileType = sourcecode.c.h; name = ofxKeySyms.h; path = ../../include/ofxKeySyms.h; sourceTree = "<group>"; };
		1E009D6317F44D70003071CC /* ofxMemory.h */ = {isa = PBXFileReference; fileEncoding = 4; lastKnownFileType = sourcecode.c.h; name = ofxMemory.h; path = ../../include/ofxMemory.h; sourceTree = "<group>"; };
		1E009D6417F44D70003071CC /* ofxMessage.h */ = {isa = PBXFileReference; fileEncoding = 4; lastKnownFileType = sourcecode.c.h; name = ofxMessage.h; path = ../../include/ofxMessage.h; sourceTree = "<group>"; };
		1E009D6517F44D70003071CC /* ofxMultiThread.h */ = {isa = PBXFileReference; fileEncoding = 4; lastKnownFileType = sourcecode.c.h; name = ofxMultiThread.h; path = ../../include/ofxMultiThread.h; sourceTree = "<group>"; };
		1E009D6617F44D70003071CC /* ofxOpenGLRender.h */ = {isa = PBXFileReference; fileEncoding = 4; lastKnownFileType = sourcecode.c.h; name = ofxOpenGLRender.h; path = ../../include/ofxOpenGLRender.h; sourceTree = "<group>"; };
		1E009D6717F44D70003071CC /* ofxParam.h */ = {isa = PBXFileReference; fileEncoding = 4; lastKnownFileType = sourcecode.c.h; name = ofxParam.h; path = ../../include/ofxParam.h; sourceTree = "<group>"; };
		1E009D6817F44D70003071CC /* ofxParametricParam.h */ = {isa = PBXFileReference; fileEncoding = 4; lastKnownFileType = sourcecode.c.h; name = ofxParametricParam.h; path = ../../include/ofxParametricParam.h; sourceTree = "<group>"; };
		1E009D6917F44D70003071CC /* ofxPixels.h */ = {isa = PBXFileReference; fileEncoding = 4; lastKnownFileType = sourcecode.c.h; name = ofxPixels.h; path = ../../include/ofxPixels.h; sourceTree = "<group>"; };
		1E009D6A17F44D70003071CC /* ofxProgress.h */ = {isa = PBXFileReference; fileEncoding = 4; lastKnownFileType = sourcecode.c.h; name = ofxProgress.h; path = ../../include/ofxProgress.h; sourceTree = "<group>"; };
		1E009D6B17F44D70003071CC /* ofxProperty.h */ = {isa = PBXFileReference; fileEncoding = 4; lastKnownFileType = sourcecode.c.h; name = ofxProperty.h; path = ../../include/ofxProperty.h; sourceTree = "<group>"; };
		1E009D6C17F44D70003071CC /* ofxTimeLine.h */ = {isa = PBXFileReference; fileEncoding = 4; lastKnownFileType = sourcecode.c.h; name = ofxTimeLine.h; path = ../../include/ofxTimeLine.h; sourceTree = "<group>"; };
		1E3E3CA417995BEE005F2132 /* RGBLut.ofx.bundle */ = {isa = PBXFileReference; explicitFileType = wrapper.cfbundle; includeInIndex = 0; path = RGBLut.ofx.bundle; sourceTree = BUILT_PRODUCTS_DIR; };
		1E3E3CB517995D5C005F2132 /* ofxsCore.cpp */ = {isa = PBXFileReference; fileEncoding = 4; lastKnownFileType = sourcecode.cpp.cpp; path = ofxsCore.cpp; sourceTree = "<group>"; };
		1E3E3CB617995D5C005F2132 /* ofxsImageEffect.cpp */ = {isa = PBXFileReference; fileEncoding = 4; lastKnownFileType = sourcecode.cpp.cpp; path = ofxsImageEffect.cpp; sourceTree = "<group>"; };
		1E3E3CB717995D5C005F2132 /* ofxsInteract.cpp */ = {isa = PBXFileReference; fileEncoding = 4; lastKnownFileType = sourcecode.cpp.cpp; path = ofxsInteract.cpp; sourceTree = "<group>"; };
		1E3E3CB817995D5C005F2132 /* ofxsLog.cpp */ = {isa = PBXFileReference; fileEncoding = 4; lastKnownFileType = sourcecode.cpp.cpp; path = ofxsLog.cpp; sourceTree = "<group>"; };
		1E3E3CB917995D5C005F2132 /* ofxsMultiThread.cpp */ = {isa = PBXFileReference; fileEncoding = 4; lastKnownFileType = sourcecode.cpp.cpp; path = ofxsMultiThread.cpp; sourceTree = "<group>"; };
		1E3E3CBA17995D5C005F2132 /* ofxsParams.cpp */ = {isa = PBXFileReference; fileEncoding = 4; lastKnownFileType = sourcecode.cpp.cpp; path = ofxsParams.cpp; sourceTree = "<group>"; };
		1E3E3CBB17995D5C005F2132 /* ofxsProperty.cpp */ = {isa = PBXFileReference; fileEncoding = 4; lastKnownFileType = sourcecode.cpp.cpp; path = ofxsProperty.cpp; sourceTree = "<group>"; };
		1E3E3CBC17995D5C005F2132 /* ofxsPropertyValidation.cpp */ = {isa = PBXFileReference; fileEncoding = 4; lastKnownFileType = sourcecode.cpp.cpp; path = ofxsPropertyValidation.cpp; sourceTree = "<group>"; };
		1E3E3CBD17995D5C005F2132 /* ofxsSupportPrivate.h */ = {isa = PBXFileReference; fileEncoding = 4; lastKnownFileType = sourcecode.c.h; path = ofxsSupportPrivate.h; sourceTree = "<group>"; };
		1E3E3D3117996112005F2132 /* ofxsCore.h */ = {isa = PBXFileReference; lastKnownFileType = sourcecode.c.h; path = ofxsCore.h; sourceTree = "<group>"; };
		1E3E3D3217996112005F2132 /* ofxsImageEffect.h */ = {isa = PBXFileReference; lastKnownFileType = sourcecode.c.h; path = ofxsImageEffect.h; sourceTree = "<group>"; };
		1E3E3D3317996112005F2132 /* ofxsInteract.h */ = {isa = PBXFileReference; lastKnownFileType = sourcecode.c.h; path = ofxsInteract.h; sourceTree = "<group>"; };
		1E3E3D3417996112005F2132 /* ofxsLog.h */ = {isa = PBXFileReference; lastKnownFileType = sourcecode.c.h; path = ofxsLog.h; sourceTree = "<group>"; };
		1E3E3D3517996112005F2132 /* ofxsMemory.h */ = {isa = PBXFileReference; lastKnownFileType = sourcecode.c.h; path = ofxsMemory.h; sourceTree = "<group>"; };
		1E3E3D3617996112005F2132 /* ofxsMessage.h */ = {isa = PBXFileReference; lastKnownFileType = sourcecode.c.h; path = ofxsMessage.h; sourceTree = "<group>"; };
		1E3E3D3717996112005F2132 /* ofxsMultiThread.h */ = {isa = PBXFileReference; lastKnownFileType = sourcecode.c.h; path = ofxsMultiThread.h; sourceTree = "<group>"; };
		1E3E3D3817996112005F2132 /* ofxsParam.h */ = {isa = PBXFileReference; lastKnownFileType = sourcecode.c.h; path = ofxsParam.h; sourceTree = "<group>"; };
		1E3E3DA91799646E005F2132 /* CoreFoundation.framework */ = {isa = PBXFileReference; lastKnownFileType = wrapper.framework; name = CoreFoundation.framework; path = Platforms/MacOSX.platform/Developer/SDKs/MacOSX10.8.sdk/System/Library/Frameworks/CoreFoundation.framework; sourceTree = DEVELOPER_DIR; };
		1E551F5A179950EC00A4135C /* OpenGL.framework */ = {isa = PBXFileReference; lastKnownFileType = wrapper.framework; name = OpenGL.framework; path = System/Library/Frameworks/OpenGL.framework; sourceTree = SDKROOT; };
		1E9FC1CE180BF74400EFE0F9 /* camera.h */ = {isa = PBXFileReference; fileEncoding = 4; lastKnownFileType = sourcecode.c.h; path = camera.h; sourceTree = "<group>"; };
		1E9FC1CF180BF74400EFE0F9 /* fnPublicOfxExtensions.h */ = {isa = PBXFileReference; fileEncoding = 4; lastKnownFileType = sourcecode.c.h; path = fnPublicOfxExtensions.h; sourceTree = "<group>"; };
		1EB0C41E180DCAB500C25D1E /* RGBLut.cpp */ = {isa = PBXFileReference; fileEncoding = 4; lastKnownFileType = sourcecode.cpp.cpp; path = RGBLut.cpp; sourceTree = "<group>"; };
		1EDE1B8C182D04D9002392CB /* Anaglyph.ofx.bundle */ = {isa = PBXFileReference; explicitFileType = wrapper.cfbundle; includeInIndex = 0; path = Anaglyph.ofx.bundle; sourceTree = BUILT_PRODUCTS_DIR; };
		1EDE1B8F182D0552002392CB /* Anaglyph.cpp */ = {isa = PBXFileReference; fileEncoding = 4; lastKnownFileType = sourcecode.cpp.cpp; path = Anaglyph.cpp; sourceTree = "<group>"; };
		1EDE1B90182D0552002392CB /* Info.plist */ = {isa = PBXFileReference; fileEncoding = 4; lastKnownFileType = text.plist.xml; path = Info.plist; sourceTree = "<group>"; };
		1EDE1B91182D0552002392CB /* Makefile */ = {isa = PBXFileReference; fileEncoding = 4; lastKnownFileType = sourcecode.make; path = Makefile; sourceTree = "<group>"; };
		1EDE1B95182D056A002392CB /* Info.plist */ = {isa = PBXFileReference; fileEncoding = 4; lastKnownFileType = text.plist.xml; path = Info.plist; sourceTree = "<group>"; };
		1EDE1B96182D056A002392CB /* Makefile */ = {isa = PBXFileReference; fileEncoding = 4; lastKnownFileType = sourcecode.make; path = Makefile; sourceTree = "<group>"; };
/* End PBXFileReference section */

/* Begin PBXFrameworksBuildPhase section */
		1E3E3CA117995BEE005F2132 /* Frameworks */ = {
			isa = PBXFrameworksBuildPhase;
			buildActionMask = 2147483647;
			files = (
				1E3E3CC617995D8C005F2132 /* OpenGL.framework in Frameworks */,
			);
			runOnlyForDeploymentPostprocessing = 0;
		};
		1EDE1B86182D04D9002392CB /* Frameworks */ = {
			isa = PBXFrameworksBuildPhase;
			buildActionMask = 2147483647;
			files = (
				1EDE1B87182D04D9002392CB /* OpenGL.framework in Frameworks */,
			);
			runOnlyForDeploymentPostprocessing = 0;
		};
/* End PBXFrameworksBuildPhase section */

/* Begin PBXGroup section */
		1E3E3CB117995CB1005F2132 /* RGBLut */ = {
			isa = PBXGroup;
			children = (
				1EB0C41E180DCAB500C25D1E /* RGBLut.cpp */,
				1EDE1B95182D056A002392CB /* Info.plist */,
				1EDE1B96182D056A002392CB /* Makefile */,
			);
			path = RGBLut;
			sourceTree = "<group>";
		};
		1E3E3CB417995D15005F2132 /* Library */ = {
			isa = PBXGroup;
			children = (
				1E3E3CB517995D5C005F2132 /* ofxsCore.cpp */,
				1E3E3CB617995D5C005F2132 /* ofxsImageEffect.cpp */,
				1E3E3CB717995D5C005F2132 /* ofxsInteract.cpp */,
				1E3E3CB817995D5C005F2132 /* ofxsLog.cpp */,
				1E3E3CB917995D5C005F2132 /* ofxsMultiThread.cpp */,
				1E3E3CBA17995D5C005F2132 /* ofxsParams.cpp */,
				1E3E3CBB17995D5C005F2132 /* ofxsProperty.cpp */,
				1E3E3CBC17995D5C005F2132 /* ofxsPropertyValidation.cpp */,
				1E3E3CBD17995D5C005F2132 /* ofxsSupportPrivate.h */,
			);
			name = Library;
			path = openfx/Support/Library;
			sourceTree = "<group>";
		};
		1E3E3D30179960F9005F2132 /* Headers */ = {
			isa = PBXGroup;
			children = (
				1E9FC1CC180BF70A00EFE0F9 /* nuke */,
				1E009D5F17F44D70003071CC /* ofxCore.h */,
				1E009D6017F44D70003071CC /* ofxImageEffect.h */,
				1E009D6117F44D70003071CC /* ofxInteract.h */,
				1E009D6217F44D70003071CC /* ofxKeySyms.h */,
				1E009D6317F44D70003071CC /* ofxMemory.h */,
				1E009D6417F44D70003071CC /* ofxMessage.h */,
				1E009D6517F44D70003071CC /* ofxMultiThread.h */,
				1E009D6617F44D70003071CC /* ofxOpenGLRender.h */,
				1E009D6717F44D70003071CC /* ofxParam.h */,
				1E009D6817F44D70003071CC /* ofxParametricParam.h */,
				1E009D6917F44D70003071CC /* ofxPixels.h */,
				1E009D6A17F44D70003071CC /* ofxProgress.h */,
				1E009D6B17F44D70003071CC /* ofxProperty.h */,
				1E009D6C17F44D70003071CC /* ofxTimeLine.h */,
				1E3E3D3117996112005F2132 /* ofxsCore.h */,
				1E009D5E17F44D5C003071CC /* ofxsHWNDInteract.h */,
				1E3E3D3217996112005F2132 /* ofxsImageEffect.h */,
				1E3E3D3317996112005F2132 /* ofxsInteract.h */,
				1E3E3D3417996112005F2132 /* ofxsLog.h */,
				1E3E3D3517996112005F2132 /* ofxsMemory.h */,
				1E3E3D3617996112005F2132 /* ofxsMessage.h */,
				1E3E3D3717996112005F2132 /* ofxsMultiThread.h */,
				1E3E3D3817996112005F2132 /* ofxsParam.h */,
			);
			name = Headers;
			path = openfx/Support/include;
			sourceTree = "<group>";
		};
		1E551EB817994D4000A4135C = {
			isa = PBXGroup;
			children = (
				1E3E3DA91799646E005F2132 /* CoreFoundation.framework */,
				1E3E3D30179960F9005F2132 /* Headers */,
				1E551ED217994DEF00A4135C /* Sources */,
				1E551EDA17994E8100A4135C /* Frameworks */,
				1E551EC217994D4000A4135C /* Products */,
			);
			sourceTree = "<group>";
		};
		1E551EC217994D4000A4135C /* Products */ = {
			isa = PBXGroup;
			children = (
				1E3E3CA417995BEE005F2132 /* RGBLut.ofx.bundle */,
				1EDE1B8C182D04D9002392CB /* Anaglyph.ofx.bundle */,
			);
			name = Products;
			sourceTree = "<group>";
		};
		1E551ED217994DEF00A4135C /* Sources */ = {
			isa = PBXGroup;
			children = (
				1E3E3CB417995D15005F2132 /* Library */,
				1EDE1B8E182D0511002392CB /* Anaglyph */,
				1E3E3CB117995CB1005F2132 /* RGBLut */,
			);
			name = Sources;
			sourceTree = "<group>";
		};
		1E551EDA17994E8100A4135C /* Frameworks */ = {
			isa = PBXGroup;
			children = (
				1E551F5A179950EC00A4135C /* OpenGL.framework */,
			);
			name = Frameworks;
			sourceTree = "<group>";
		};
		1E9FC1CC180BF70A00EFE0F9 /* nuke */ = {
			isa = PBXGroup;
			children = (
				1E9FC1CE180BF74400EFE0F9 /* camera.h */,
				1E9FC1CF180BF74400EFE0F9 /* fnPublicOfxExtensions.h */,
			);
			name = nuke;
			path = ../../include/nuke;
			sourceTree = "<group>";
		};
		1EDE1B8E182D0511002392CB /* Anaglyph */ = {
			isa = PBXGroup;
			children = (
				1EDE1B8F182D0552002392CB /* Anaglyph.cpp */,
				1EDE1B90182D0552002392CB /* Info.plist */,
				1EDE1B91182D0552002392CB /* Makefile */,
			);
			path = Anaglyph;
			sourceTree = "<group>";
		};
/* End PBXGroup section */

/* Begin PBXNativeTarget section */
		1E3E3CA317995BEE005F2132 /* RGBLut.ofx */ = {
			isa = PBXNativeTarget;
			buildConfigurationList = 1E3E3CAE17995BEE005F2132 /* Build configuration list for PBXNativeTarget "RGBLut.ofx" */;
			buildPhases = (
				1E3E3CA017995BEE005F2132 /* Sources */,
				1E3E3CA117995BEE005F2132 /* Frameworks */,
			);
			buildRules = (
			);
			dependencies = (
			);
			name = RGBLut.ofx;
			productName = basic.ofx;
			productReference = 1E3E3CA417995BEE005F2132 /* RGBLut.ofx.bundle */;
			productType = "com.apple.product-type.bundle";
		};
		1EDE1B7B182D04D9002392CB /* Anaglyph.ofx */ = {
			isa = PBXNativeTarget;
			buildConfigurationList = 1EDE1B89182D04D9002392CB /* Build configuration list for PBXNativeTarget "Anaglyph.ofx" */;
			buildPhases = (
				1EDE1B7C182D04D9002392CB /* Sources */,
				1EDE1B86182D04D9002392CB /* Frameworks */,
			);
			buildRules = (
			);
			dependencies = (
			);
			name = Anaglyph.ofx;
			productName = basic.ofx;
			productReference = 1EDE1B8C182D04D9002392CB /* Anaglyph.ofx.bundle */;
			productType = "com.apple.product-type.bundle";
		};
/* End PBXNativeTarget section */

/* Begin PBXProject section */
		1E551EB917994D4000A4135C /* Project object */ = {
			isa = PBXProject;
			attributes = {
				LastUpgradeCheck = 0460;
				ORGANIZATIONNAME = OpenFX;
			};
			buildConfigurationList = 1E551EBC17994D4000A4135C /* Build configuration list for PBXProject "Misc" */;
			compatibilityVersion = "Xcode 3.2";
			developmentRegion = English;
			hasScannedForEncodings = 0;
			knownRegions = (
				en,
			);
			mainGroup = 1E551EB817994D4000A4135C;
			productRefGroup = 1E551EC217994D4000A4135C /* Products */;
			projectDirPath = "";
			projectRoot = "";
			targets = (
				1E551F461799509100A4135C /* all */,
				1EDE1B7B182D04D9002392CB /* Anaglyph.ofx */,
				1E3E3CA317995BEE005F2132 /* RGBLut.ofx */,
			);
		};
/* End PBXProject section */

/* Begin PBXSourcesBuildPhase section */
		1E3E3CA017995BEE005F2132 /* Sources */ = {
			isa = PBXSourcesBuildPhase;
			buildActionMask = 2147483647;
			files = (
				1EFC1700180DCE6500AD7B86 /* RGBLut.cpp in Sources */,
				1E3E3CBE17995D5C005F2132 /* ofxsCore.cpp in Sources */,
				1E3E3CBF17995D5C005F2132 /* ofxsImageEffect.cpp in Sources */,
				1E3E3CC017995D5C005F2132 /* ofxsInteract.cpp in Sources */,
				1E3E3CC117995D5C005F2132 /* ofxsLog.cpp in Sources */,
				1E3E3CC217995D5C005F2132 /* ofxsMultiThread.cpp in Sources */,
				1E3E3CC317995D5C005F2132 /* ofxsParams.cpp in Sources */,
				1E3E3CC417995D5C005F2132 /* ofxsProperty.cpp in Sources */,
				1E3E3CC517995D5C005F2132 /* ofxsPropertyValidation.cpp in Sources */,
			);
			runOnlyForDeploymentPostprocessing = 0;
		};
		1EDE1B7C182D04D9002392CB /* Sources */ = {
			isa = PBXSourcesBuildPhase;
			buildActionMask = 2147483647;
			files = (
				1EDE1B7E182D04D9002392CB /* ofxsCore.cpp in Sources */,
				1EDE1B7F182D04D9002392CB /* ofxsImageEffect.cpp in Sources */,
				1EDE1B80182D04D9002392CB /* ofxsInteract.cpp in Sources */,
				1EDE1B81182D04D9002392CB /* ofxsLog.cpp in Sources */,
				1EDE1B82182D04D9002392CB /* ofxsMultiThread.cpp in Sources */,
				1EDE1B83182D04D9002392CB /* ofxsParams.cpp in Sources */,
				1EDE1B84182D04D9002392CB /* ofxsProperty.cpp in Sources */,
				1EDE1B85182D04D9002392CB /* ofxsPropertyValidation.cpp in Sources */,
				1EDE1B92182D0552002392CB /* Anaglyph.cpp in Sources */,
			);
			runOnlyForDeploymentPostprocessing = 0;
		};
/* End PBXSourcesBuildPhase section */

/* Begin PBXTargetDependency section */
		1EDE1B9A182D05D1002392CB /* PBXTargetDependency */ = {
			isa = PBXTargetDependency;
			target = 1EDE1B7B182D04D9002392CB /* Anaglyph.ofx */;
			targetProxy = 1EDE1B99182D05D1002392CB /* PBXContainerItemProxy */;
		};
		1EFC1702180DCEA000AD7B86 /* PBXTargetDependency */ = {
			isa = PBXTargetDependency;
			target = 1E3E3CA317995BEE005F2132 /* RGBLut.ofx */;
			targetProxy = 1EFC1701180DCEA000AD7B86 /* PBXContainerItemProxy */;
		};
/* End PBXTargetDependency section */

/* Begin XCBuildConfiguration section */
		1E3E3CAF17995BEE005F2132 /* Debug */ = {
			isa = XCBuildConfiguration;
			buildSettings = {
				EXPORTED_SYMBOLS_FILE = "$(OFX_PATH)/Support/include/osxSymbols";
				INFOPLIST_FILE = RGBLut/Info.plist;
				INSTALL_PATH = "$(LOCAL_LIBRARY_DIR)/OFX/Plugins/$(PROJECT_NAME)";
				PRODUCT_NAME = "$(TARGET_NAME)";
				WRAPPER_EXTENSION = bundle;
			};
			name = Debug;
		};
		1E3E3CB017995BEE005F2132 /* Release */ = {
			isa = XCBuildConfiguration;
			buildSettings = {
				EXPORTED_SYMBOLS_FILE = "$(OFX_PATH)/Support/include/osxSymbols";
				INFOPLIST_FILE = RGBLut/Info.plist;
				INSTALL_PATH = "$(LOCAL_LIBRARY_DIR)/OFX/Plugins/$(PROJECT_NAME)";
				PRODUCT_NAME = "$(TARGET_NAME)";
				WRAPPER_EXTENSION = bundle;
			};
			name = Release;
		};
		1E551ECD17994D4000A4135C /* Debug */ = {
			isa = XCBuildConfiguration;
			buildSettings = {
				ALWAYS_SEARCH_USER_PATHS = NO;
				ARCHS = "$(ARCHS_STANDARD_32_64_BIT)";
				CLANG_WARN_CONSTANT_CONVERSION = YES;
				CLANG_WARN_EMPTY_BODY = YES;
				CLANG_WARN_ENUM_CONVERSION = YES;
				CLANG_WARN_INT_CONVERSION = YES;
				CLANG_WARN__DUPLICATE_METHOD_MATCH = YES;
				COPY_PHASE_STRIP = NO;
				GCC_DYNAMIC_NO_PIC = NO;
				GCC_OPTIMIZATION_LEVEL = 0;
				GCC_PREPROCESSOR_DEFINITIONS = (
					"DEBUG=1",
					"$(inherited)",
					OFX_EXTENSIONS_NUKE,
					OFX_EXTENSIONS_VEGAS,
					OFX_EXTENSIONS_TUTTLE,
				);
				GCC_SYMBOLS_PRIVATE_EXTERN = NO;
				GCC_WARN_64_TO_32_BIT_CONVERSION = YES;
				GCC_WARN_ABOUT_RETURN_TYPE = YES;
				GCC_WARN_UNINITIALIZED_AUTOS = YES;
				GCC_WARN_UNUSED_VARIABLE = YES;
				HEADER_SEARCH_PATHS = (
					"$(OFX_PATH)/include",
					"$(OFX_PATH)/Support/include",
					"$(OFX_PATH)/Support/Plugins/include",
				);
				OFX_PATH = openfx;
				ONLY_ACTIVE_ARCH = YES;
			};
			name = Debug;
		};
		1E551ECE17994D4000A4135C /* Release */ = {
			isa = XCBuildConfiguration;
			buildSettings = {
				ALWAYS_SEARCH_USER_PATHS = NO;
				ARCHS = "$(ARCHS_STANDARD_32_64_BIT)";
				CLANG_WARN_CONSTANT_CONVERSION = YES;
				CLANG_WARN_EMPTY_BODY = YES;
				CLANG_WARN_ENUM_CONVERSION = YES;
				CLANG_WARN_INT_CONVERSION = YES;
				CLANG_WARN__DUPLICATE_METHOD_MATCH = YES;
				COPY_PHASE_STRIP = YES;
				DEBUG_INFORMATION_FORMAT = "dwarf-with-dsym";
				GCC_WARN_64_TO_32_BIT_CONVERSION = YES;
				GCC_WARN_ABOUT_RETURN_TYPE = YES;
				GCC_WARN_UNINITIALIZED_AUTOS = YES;
				GCC_WARN_UNUSED_VARIABLE = YES;
				HEADER_SEARCH_PATHS = (
					"$(OFX_PATH)/include",
					"$(OFX_PATH)/Support/include",
					"$(OFX_PATH)/Support/Plugins/include",
				);
				OFX_PATH = openfx;
			};
			name = Release;
		};
		1E551F481799509100A4135C /* Debug */ = {
			isa = XCBuildConfiguration;
			buildSettings = {
				PRODUCT_NAME = "$(TARGET_NAME)";
			};
			name = Debug;
		};
		1E551F491799509100A4135C /* Release */ = {
			isa = XCBuildConfiguration;
			buildSettings = {
				PRODUCT_NAME = "$(TARGET_NAME)";
			};
			name = Release;
		};
		1EDE1B8A182D04D9002392CB /* Debug */ = {
			isa = XCBuildConfiguration;
			buildSettings = {
				EXPORTED_SYMBOLS_FILE = "$(OFX_PATH)/Support/include/osxSymbols";
				INFOPLIST_FILE = Anaglyph/Info.plist;
				INSTALL_PATH = "$(LOCAL_LIBRARY_DIR)/OFX/Plugins/$(PROJECT_NAME)";
				PRODUCT_NAME = Anaglyph.ofx;
				WRAPPER_EXTENSION = bundle;
			};
			name = Debug;
		};
		1EDE1B8B182D04D9002392CB /* Release */ = {
			isa = XCBuildConfiguration;
			buildSettings = {
				EXPORTED_SYMBOLS_FILE = "$(OFX_PATH)/Support/include/osxSymbols";
				INFOPLIST_FILE = Anaglyph/Info.plist;
				INSTALL_PATH = "$(LOCAL_LIBRARY_DIR)/OFX/Plugins/$(PROJECT_NAME)";
				PRODUCT_NAME = Anaglyph.ofx;
				WRAPPER_EXTENSION = bundle;
			};
			name = Release;
		};
/* End XCBuildConfiguration section */

/* Begin XCConfigurationList section */
		1E3E3CAE17995BEE005F2132 /* Build configuration list for PBXNativeTarget "RGBLut.ofx" */ = {
			isa = XCConfigurationList;
			buildConfigurations = (
				1E3E3CAF17995BEE005F2132 /* Debug */,
				1E3E3CB017995BEE005F2132 /* Release */,
			);
			defaultConfigurationIsVisible = 0;
			defaultConfigurationName = Release;
		};
		1E551EBC17994D4000A4135C /* Build configuration list for PBXProject "Misc" */ = {
			isa = XCConfigurationList;
			buildConfigurations = (
				1E551ECD17994D4000A4135C /* Debug */,
				1E551ECE17994D4000A4135C /* Release */,
			);
			defaultConfigurationIsVisible = 0;
			defaultConfigurationName = Release;
		};
		1E551F471799509100A4135C /* Build configuration list for PBXAggregateTarget "all" */ = {
			isa = XCConfigurationList;
			buildConfigurations = (
				1E551F481799509100A4135C /* Debug */,
				1E551F491799509100A4135C /* Release */,
			);
			defaultConfigurationIsVisible = 0;
			defaultConfigurationName = Release;
		};
		1EDE1B89182D04D9002392CB /* Build configuration list for PBXNativeTarget "Anaglyph.ofx" */ = {
			isa = XCConfigurationList;
			buildConfigurations = (
				1EDE1B8A182D04D9002392CB /* Debug */,
				1EDE1B8B182D04D9002392CB /* Release */,
			);
			defaultConfigurationIsVisible = 0;
			defaultConfigurationName = Release;
		};
/* End XCConfigurationList section */
	};
	rootObject = 1E551EB917994D4000A4135C /* Project object */;
}
